
Microsoft Visual Studio Solution File, Format Version 12.00
# Visual Studio Version 16
VisualStudioVersion = 16.0.29326.143
MinimumVisualStudioVersion = 10.0.40219.1
Project("{FAE04EC0-301F-11D3-BF4B-00C04F79EFBC}") = "CornerBar.Droid", "CornerBar\CornerBar.Droid\CornerBar.Droid.csproj", "{AE0CF767-956B-42D9-8B75-42D05387FC56}"
EndProject
Project("{FAE04EC0-301F-11D3-BF4B-00C04F79EFBC}") = "CornerBar", "CornerBar\CornerBar\CornerBar.csproj", "{E095A535-F458-43AE-BD62-ED0EA64C0272}"
EndProject
Project("{FAE04EC0-301F-11D3-BF4B-00C04F79EFBC}") = "CornerBar.iOS", "CornerBar\CornerBar.iOS\CornerBar.iOS.csproj", "{162598FA-6E62-4E60-9C4E-8AC8C76D3753}"
EndProject
Project("{FAE04EC0-301F-11D3-BF4B-00C04F79EFBC}") = "CornerBar.UWP", "CornerBar\CornerBar.UWP\CornerBar.UWP.csproj", "{91050D3D-BA23-4476-970D-2A66A70EE92C}"
EndProject
Global
	GlobalSection(SolutionConfigurationPlatforms) = preSolution
		Ad-Hoc|Any CPU = Ad-Hoc|Any CPU
		Ad-Hoc|ARM = Ad-Hoc|ARM
		Ad-Hoc|iPhone = Ad-Hoc|iPhone
		Ad-Hoc|iPhoneSimulator = Ad-Hoc|iPhoneSimulator
		Ad-Hoc|x64 = Ad-Hoc|x64
		Ad-Hoc|x86 = Ad-Hoc|x86
		AppStore|Any CPU = AppStore|Any CPU
		AppStore|ARM = AppStore|ARM
		AppStore|iPhone = AppStore|iPhone
		AppStore|iPhoneSimulator = AppStore|iPhoneSimulator
		AppStore|x64 = AppStore|x64
		AppStore|x86 = AppStore|x86
		Debug|Any CPU = Debug|Any CPU
		Debug|ARM = Debug|ARM
		Debug|iPhone = Debug|iPhone
		Debug|iPhoneSimulator = Debug|iPhoneSimulator
		Debug|x64 = Debug|x64
		Debug|x86 = Debug|x86
		Release|Any CPU = Release|Any CPU
		Release|ARM = Release|ARM
		Release|iPhone = Release|iPhone
		Release|iPhoneSimulator = Release|iPhoneSimulator
		Release|x64 = Release|x64
		Release|x86 = Release|x86
	EndGlobalSection
	GlobalSection(ProjectConfigurationPlatforms) = postSolution
		{AE0CF767-956B-42D9-8B75-42D05387FC56}.Ad-Hoc|Any CPU.ActiveCfg = Release|Any CPU
		{AE0CF767-956B-42D9-8B75-42D05387FC56}.Ad-Hoc|Any CPU.Build.0 = Release|Any CPU
		{AE0CF767-956B-42D9-8B75-42D05387FC56}.Ad-Hoc|Any CPU.Deploy.0 = Release|Any CPU
		{AE0CF767-956B-42D9-8B75-42D05387FC56}.Ad-Hoc|ARM.ActiveCfg = Release|Any CPU
		{AE0CF767-956B-42D9-8B75-42D05387FC56}.Ad-Hoc|ARM.Build.0 = Release|Any CPU
		{AE0CF767-956B-42D9-8B75-42D05387FC56}.Ad-Hoc|ARM.Deploy.0 = Release|Any CPU
		{AE0CF767-956B-42D9-8B75-42D05387FC56}.Ad-Hoc|iPhone.ActiveCfg = Release|Any CPU
		{AE0CF767-956B-42D9-8B75-42D05387FC56}.Ad-Hoc|iPhone.Build.0 = Release|Any CPU
		{AE0CF767-956B-42D9-8B75-42D05387FC56}.Ad-Hoc|iPhone.Deploy.0 = Release|Any CPU
		{AE0CF767-956B-42D9-8B75-42D05387FC56}.Ad-Hoc|iPhoneSimulator.ActiveCfg = Release|Any CPU
		{AE0CF767-956B-42D9-8B75-42D05387FC56}.Ad-Hoc|iPhoneSimulator.Build.0 = Release|Any CPU
		{AE0CF767-956B-42D9-8B75-42D05387FC56}.Ad-Hoc|iPhoneSimulator.Deploy.0 = Release|Any CPU
		{AE0CF767-956B-42D9-8B75-42D05387FC56}.Ad-Hoc|x64.ActiveCfg = Release|Any CPU
		{AE0CF767-956B-42D9-8B75-42D05387FC56}.Ad-Hoc|x64.Build.0 = Release|Any CPU
		{AE0CF767-956B-42D9-8B75-42D05387FC56}.Ad-Hoc|x64.Deploy.0 = Release|Any CPU
		{AE0CF767-956B-42D9-8B75-42D05387FC56}.Ad-Hoc|x86.ActiveCfg = Release|Any CPU
		{AE0CF767-956B-42D9-8B75-42D05387FC56}.Ad-Hoc|x86.Build.0 = Release|Any CPU
		{AE0CF767-956B-42D9-8B75-42D05387FC56}.Ad-Hoc|x86.Deploy.0 = Release|Any CPU
		{AE0CF767-956B-42D9-8B75-42D05387FC56}.AppStore|Any CPU.ActiveCfg = Release|Any CPU
		{AE0CF767-956B-42D9-8B75-42D05387FC56}.AppStore|Any CPU.Build.0 = Release|Any CPU
		{AE0CF767-956B-42D9-8B75-42D05387FC56}.AppStore|Any CPU.Deploy.0 = Release|Any CPU
		{AE0CF767-956B-42D9-8B75-42D05387FC56}.AppStore|ARM.ActiveCfg = Release|Any CPU
		{AE0CF767-956B-42D9-8B75-42D05387FC56}.AppStore|ARM.Build.0 = Release|Any CPU
		{AE0CF767-956B-42D9-8B75-42D05387FC56}.AppStore|ARM.Deploy.0 = Release|Any CPU
		{AE0CF767-956B-42D9-8B75-42D05387FC56}.AppStore|iPhone.ActiveCfg = Release|Any CPU
		{AE0CF767-956B-42D9-8B75-42D05387FC56}.AppStore|iPhone.Build.0 = Release|Any CPU
		{AE0CF767-956B-42D9-8B75-42D05387FC56}.AppStore|iPhone.Deploy.0 = Release|Any CPU
		{AE0CF767-956B-42D9-8B75-42D05387FC56}.AppStore|iPhoneSimulator.ActiveCfg = Release|Any CPU
		{AE0CF767-956B-42D9-8B75-42D05387FC56}.AppStore|iPhoneSimulator.Build.0 = Release|Any CPU
		{AE0CF767-956B-42D9-8B75-42D05387FC56}.AppStore|iPhoneSimulator.Deploy.0 = Release|Any CPU
		{AE0CF767-956B-42D9-8B75-42D05387FC56}.AppStore|x64.ActiveCfg = Release|Any CPU
		{AE0CF767-956B-42D9-8B75-42D05387FC56}.AppStore|x64.Build.0 = Release|Any CPU
		{AE0CF767-956B-42D9-8B75-42D05387FC56}.AppStore|x64.Deploy.0 = Release|Any CPU
		{AE0CF767-956B-42D9-8B75-42D05387FC56}.AppStore|x86.ActiveCfg = Release|Any CPU
		{AE0CF767-956B-42D9-8B75-42D05387FC56}.AppStore|x86.Build.0 = Release|Any CPU
		{AE0CF767-956B-42D9-8B75-42D05387FC56}.AppStore|x86.Deploy.0 = Release|Any CPU
		{AE0CF767-956B-42D9-8B75-42D05387FC56}.Debug|Any CPU.ActiveCfg = Debug|Any CPU
		{AE0CF767-956B-42D9-8B75-42D05387FC56}.Debug|Any CPU.Build.0 = Debug|Any CPU
		{AE0CF767-956B-42D9-8B75-42D05387FC56}.Debug|Any CPU.Deploy.0 = Debug|Any CPU
		{AE0CF767-956B-42D9-8B75-42D05387FC56}.Debug|ARM.ActiveCfg = Debug|Any CPU
		{AE0CF767-956B-42D9-8B75-42D05387FC56}.Debug|ARM.Build.0 = Debug|Any CPU
		{AE0CF767-956B-42D9-8B75-42D05387FC56}.Debug|ARM.Deploy.0 = Debug|Any CPU
		{AE0CF767-956B-42D9-8B75-42D05387FC56}.Debug|iPhone.ActiveCfg = Debug|Any CPU
		{AE0CF767-956B-42D9-8B75-42D05387FC56}.Debug|iPhone.Build.0 = Debug|Any CPU
		{AE0CF767-956B-42D9-8B75-42D05387FC56}.Debug|iPhone.Deploy.0 = Debug|Any CPU
		{AE0CF767-956B-42D9-8B75-42D05387FC56}.Debug|iPhoneSimulator.ActiveCfg = Debug|Any CPU
		{AE0CF767-956B-42D9-8B75-42D05387FC56}.Debug|iPhoneSimulator.Build.0 = Debug|Any CPU
		{AE0CF767-956B-42D9-8B75-42D05387FC56}.Debug|iPhoneSimulator.Deploy.0 = Debug|Any CPU
		{AE0CF767-956B-42D9-8B75-42D05387FC56}.Debug|x64.ActiveCfg = Debug|Any CPU
		{AE0CF767-956B-42D9-8B75-42D05387FC56}.Debug|x64.Build.0 = Debug|Any CPU
		{AE0CF767-956B-42D9-8B75-42D05387FC56}.Debug|x64.Deploy.0 = Debug|Any CPU
		{AE0CF767-956B-42D9-8B75-42D05387FC56}.Debug|x86.ActiveCfg = Debug|Any CPU
		{AE0CF767-956B-42D9-8B75-42D05387FC56}.Debug|x86.Build.0 = Debug|Any CPU
		{AE0CF767-956B-42D9-8B75-42D05387FC56}.Debug|x86.Deploy.0 = Debug|Any CPU
		{AE0CF767-956B-42D9-8B75-42D05387FC56}.Release|Any CPU.ActiveCfg = Release|Any CPU
		{AE0CF767-956B-42D9-8B75-42D05387FC56}.Release|Any CPU.Build.0 = Release|Any CPU
		{AE0CF767-956B-42D9-8B75-42D05387FC56}.Release|Any CPU.Deploy.0 = Release|Any CPU
		{AE0CF767-956B-42D9-8B75-42D05387FC56}.Release|ARM.ActiveCfg = Release|Any CPU
		{AE0CF767-956B-42D9-8B75-42D05387FC56}.Release|ARM.Build.0 = Release|Any CPU
		{AE0CF767-956B-42D9-8B75-42D05387FC56}.Release|ARM.Deploy.0 = Release|Any CPU
		{AE0CF767-956B-42D9-8B75-42D05387FC56}.Release|iPhone.ActiveCfg = Release|Any CPU
		{AE0CF767-956B-42D9-8B75-42D05387FC56}.Release|iPhone.Build.0 = Release|Any CPU
		{AE0CF767-956B-42D9-8B75-42D05387FC56}.Release|iPhone.Deploy.0 = Release|Any CPU
		{AE0CF767-956B-42D9-8B75-42D05387FC56}.Release|iPhoneSimulator.ActiveCfg = Release|Any CPU
		{AE0CF767-956B-42D9-8B75-42D05387FC56}.Release|iPhoneSimulator.Build.0 = Release|Any CPU
		{AE0CF767-956B-42D9-8B75-42D05387FC56}.Release|iPhoneSimulator.Deploy.0 = Release|Any CPU
		{AE0CF767-956B-42D9-8B75-42D05387FC56}.Release|x64.ActiveCfg = Release|Any CPU
		{AE0CF767-956B-42D9-8B75-42D05387FC56}.Release|x64.Build.0 = Release|Any CPU
		{AE0CF767-956B-42D9-8B75-42D05387FC56}.Release|x64.Deploy.0 = Release|Any CPU
		{AE0CF767-956B-42D9-8B75-42D05387FC56}.Release|x86.ActiveCfg = Release|Any CPU
		{AE0CF767-956B-42D9-8B75-42D05387FC56}.Release|x86.Build.0 = Release|Any CPU
		{AE0CF767-956B-42D9-8B75-42D05387FC56}.Release|x86.Deploy.0 = Release|Any CPU
		{E095A535-F458-43AE-BD62-ED0EA64C0272}.Ad-Hoc|Any CPU.ActiveCfg = Release|Any CPU
		{E095A535-F458-43AE-BD62-ED0EA64C0272}.Ad-Hoc|Any CPU.Build.0 = Release|Any CPU
		{E095A535-F458-43AE-BD62-ED0EA64C0272}.Ad-Hoc|ARM.ActiveCfg = Release|Any CPU
		{E095A535-F458-43AE-BD62-ED0EA64C0272}.Ad-Hoc|ARM.Build.0 = Release|Any CPU
		{E095A535-F458-43AE-BD62-ED0EA64C0272}.Ad-Hoc|iPhone.ActiveCfg = Release|Any CPU
		{E095A535-F458-43AE-BD62-ED0EA64C0272}.Ad-Hoc|iPhone.Build.0 = Release|Any CPU
		{E095A535-F458-43AE-BD62-ED0EA64C0272}.Ad-Hoc|iPhoneSimulator.ActiveCfg = Release|Any CPU
		{E095A535-F458-43AE-BD62-ED0EA64C0272}.Ad-Hoc|iPhoneSimulator.Build.0 = Release|Any CPU
		{E095A535-F458-43AE-BD62-ED0EA64C0272}.Ad-Hoc|x64.ActiveCfg = Release|Any CPU
		{E095A535-F458-43AE-BD62-ED0EA64C0272}.Ad-Hoc|x64.Build.0 = Release|Any CPU
		{E095A535-F458-43AE-BD62-ED0EA64C0272}.Ad-Hoc|x86.ActiveCfg = Release|Any CPU
		{E095A535-F458-43AE-BD62-ED0EA64C0272}.Ad-Hoc|x86.Build.0 = Release|Any CPU
		{E095A535-F458-43AE-BD62-ED0EA64C0272}.AppStore|Any CPU.ActiveCfg = Release|Any CPU
		{E095A535-F458-43AE-BD62-ED0EA64C0272}.AppStore|Any CPU.Build.0 = Release|Any CPU
		{E095A535-F458-43AE-BD62-ED0EA64C0272}.AppStore|ARM.ActiveCfg = Release|Any CPU
		{E095A535-F458-43AE-BD62-ED0EA64C0272}.AppStore|ARM.Build.0 = Release|Any CPU
		{E095A535-F458-43AE-BD62-ED0EA64C0272}.AppStore|iPhone.ActiveCfg = Release|Any CPU
		{E095A535-F458-43AE-BD62-ED0EA64C0272}.AppStore|iPhone.Build.0 = Release|Any CPU
		{E095A535-F458-43AE-BD62-ED0EA64C0272}.AppStore|iPhoneSimulator.ActiveCfg = Release|Any CPU
		{E095A535-F458-43AE-BD62-ED0EA64C0272}.AppStore|iPhoneSimulator.Build.0 = Release|Any CPU
		{E095A535-F458-43AE-BD62-ED0EA64C0272}.AppStore|x64.ActiveCfg = Release|Any CPU
		{E095A535-F458-43AE-BD62-ED0EA64C0272}.AppStore|x64.Build.0 = Release|Any CPU
		{E095A535-F458-43AE-BD62-ED0EA64C0272}.AppStore|x86.ActiveCfg = Release|Any CPU
		{E095A535-F458-43AE-BD62-ED0EA64C0272}.AppStore|x86.Build.0 = Release|Any CPU
		{E095A535-F458-43AE-BD62-ED0EA64C0272}.Debug|Any CPU.ActiveCfg = Debug|Any CPU
		{E095A535-F458-43AE-BD62-ED0EA64C0272}.Debug|Any CPU.Build.0 = Debug|Any CPU
		{E095A535-F458-43AE-BD62-ED0EA64C0272}.Debug|ARM.ActiveCfg = Debug|Any CPU
		{E095A535-F458-43AE-BD62-ED0EA64C0272}.Debug|ARM.Build.0 = Debug|Any CPU
		{E095A535-F458-43AE-BD62-ED0EA64C0272}.Debug|iPhone.ActiveCfg = Debug|Any CPU
		{E095A535-F458-43AE-BD62-ED0EA64C0272}.Debug|iPhone.Build.0 = Debug|Any CPU
		{E095A535-F458-43AE-BD62-ED0EA64C0272}.Debug|iPhoneSimulator.ActiveCfg = Debug|Any CPU
		{E095A535-F458-43AE-BD62-ED0EA64C0272}.Debug|iPhoneSimulator.Build.0 = Debug|Any CPU
		{E095A535-F458-43AE-BD62-ED0EA64C0272}.Debug|x64.ActiveCfg = Debug|Any CPU
		{E095A535-F458-43AE-BD62-ED0EA64C0272}.Debug|x64.Build.0 = Debug|Any CPU
		{E095A535-F458-43AE-BD62-ED0EA64C0272}.Debug|x86.ActiveCfg = Debug|Any CPU
		{E095A535-F458-43AE-BD62-ED0EA64C0272}.Debug|x86.Build.0 = Debug|Any CPU
		{E095A535-F458-43AE-BD62-ED0EA64C0272}.Release|Any CPU.ActiveCfg = Release|Any CPU
		{E095A535-F458-43AE-BD62-ED0EA64C0272}.Release|Any CPU.Build.0 = Release|Any CPU
		{E095A535-F458-43AE-BD62-ED0EA64C0272}.Release|ARM.ActiveCfg = Release|Any CPU
		{E095A535-F458-43AE-BD62-ED0EA64C0272}.Release|ARM.Build.0 = Release|Any CPU
		{E095A535-F458-43AE-BD62-ED0EA64C0272}.Release|iPhone.ActiveCfg = Release|Any CPU
		{E095A535-F458-43AE-BD62-ED0EA64C0272}.Release|iPhone.Build.0 = Release|Any CPU
		{E095A535-F458-43AE-BD62-ED0EA64C0272}.Release|iPhoneSimulator.ActiveCfg = Release|Any CPU
		{E095A535-F458-43AE-BD62-ED0EA64C0272}.Release|iPhoneSimulator.Build.0 = Release|Any CPU
		{E095A535-F458-43AE-BD62-ED0EA64C0272}.Release|x64.ActiveCfg = Release|Any CPU
		{E095A535-F458-43AE-BD62-ED0EA64C0272}.Release|x64.Build.0 = Release|Any CPU
		{E095A535-F458-43AE-BD62-ED0EA64C0272}.Release|x86.ActiveCfg = Release|Any CPU
		{E095A535-F458-43AE-BD62-ED0EA64C0272}.Release|x86.Build.0 = Release|Any CPU
		{162598FA-6E62-4E60-9C4E-8AC8C76D3753}.Ad-Hoc|Any CPU.ActiveCfg = Ad-Hoc|iPhone
		{162598FA-6E62-4E60-9C4E-8AC8C76D3753}.Ad-Hoc|ARM.ActiveCfg = Ad-Hoc|iPhone
		{162598FA-6E62-4E60-9C4E-8AC8C76D3753}.Ad-Hoc|iPhone.ActiveCfg = Ad-Hoc|iPhone
		{162598FA-6E62-4E60-9C4E-8AC8C76D3753}.Ad-Hoc|iPhone.Build.0 = Ad-Hoc|iPhone
		{162598FA-6E62-4E60-9C4E-8AC8C76D3753}.Ad-Hoc|iPhoneSimulator.ActiveCfg = Ad-Hoc|iPhoneSimulator
		{162598FA-6E62-4E60-9C4E-8AC8C76D3753}.Ad-Hoc|iPhoneSimulator.Build.0 = Ad-Hoc|iPhoneSimulator
		{162598FA-6E62-4E60-9C4E-8AC8C76D3753}.Ad-Hoc|x64.ActiveCfg = Ad-Hoc|iPhone
		{162598FA-6E62-4E60-9C4E-8AC8C76D3753}.Ad-Hoc|x86.ActiveCfg = Ad-Hoc|iPhone
		{162598FA-6E62-4E60-9C4E-8AC8C76D3753}.AppStore|Any CPU.ActiveCfg = AppStore|iPhone
		{162598FA-6E62-4E60-9C4E-8AC8C76D3753}.AppStore|ARM.ActiveCfg = AppStore|iPhone
		{162598FA-6E62-4E60-9C4E-8AC8C76D3753}.AppStore|iPhone.ActiveCfg = AppStore|iPhone
		{162598FA-6E62-4E60-9C4E-8AC8C76D3753}.AppStore|iPhone.Build.0 = AppStore|iPhone
		{162598FA-6E62-4E60-9C4E-8AC8C76D3753}.AppStore|iPhone.Deploy.0 = AppStore|iPhone
		{162598FA-6E62-4E60-9C4E-8AC8C76D3753}.AppStore|iPhoneSimulator.ActiveCfg = AppStore|iPhoneSimulator
		{162598FA-6E62-4E60-9C4E-8AC8C76D3753}.AppStore|iPhoneSimulator.Build.0 = AppStore|iPhoneSimulator
		{162598FA-6E62-4E60-9C4E-8AC8C76D3753}.AppStore|x64.ActiveCfg = AppStore|iPhone
		{162598FA-6E62-4E60-9C4E-8AC8C76D3753}.AppStore|x86.ActiveCfg = AppStore|iPhone
		{162598FA-6E62-4E60-9C4E-8AC8C76D3753}.Debug|Any CPU.ActiveCfg = Debug|iPhoneSimulator
		{162598FA-6E62-4E60-9C4E-8AC8C76D3753}.Debug|Any CPU.Build.0 = Debug|iPhoneSimulator
		{162598FA-6E62-4E60-9C4E-8AC8C76D3753}.Debug|Any CPU.Deploy.0 = Debug|iPhoneSimulator
		{162598FA-6E62-4E60-9C4E-8AC8C76D3753}.Debug|ARM.ActiveCfg = Debug|iPhone
		{162598FA-6E62-4E60-9C4E-8AC8C76D3753}.Debug|iPhone.ActiveCfg = Debug|iPhone
		{162598FA-6E62-4E60-9C4E-8AC8C76D3753}.Debug|iPhone.Build.0 = Debug|iPhone
		{162598FA-6E62-4E60-9C4E-8AC8C76D3753}.Debug|iPhoneSimulator.ActiveCfg = Debug|iPhone
		{162598FA-6E62-4E60-9C4E-8AC8C76D3753}.Debug|iPhoneSimulator.Build.0 = Debug|iPhone
		{162598FA-6E62-4E60-9C4E-8AC8C76D3753}.Debug|x64.ActiveCfg = Debug|iPhone
		{162598FA-6E62-4E60-9C4E-8AC8C76D3753}.Debug|x86.ActiveCfg = Debug|iPhone
		{162598FA-6E62-4E60-9C4E-8AC8C76D3753}.Release|Any CPU.ActiveCfg = Release|iPhone
		{162598FA-6E62-4E60-9C4E-8AC8C76D3753}.Release|Any CPU.Build.0 = Release|iPhone
		{162598FA-6E62-4E60-9C4E-8AC8C76D3753}.Release|Any CPU.Deploy.0 = Release|iPhone
		{162598FA-6E62-4E60-9C4E-8AC8C76D3753}.Release|ARM.ActiveCfg = Release|iPhone
		{162598FA-6E62-4E60-9C4E-8AC8C76D3753}.Release|iPhone.ActiveCfg = Release|iPhone
		{162598FA-6E62-4E60-9C4E-8AC8C76D3753}.Release|iPhone.Build.0 = Release|iPhone
		{162598FA-6E62-4E60-9C4E-8AC8C76D3753}.Release|iPhone.Deploy.0 = Release|iPhone
		{162598FA-6E62-4E60-9C4E-8AC8C76D3753}.Release|iPhoneSimulator.ActiveCfg = Release|iPhoneSimulator
		{162598FA-6E62-4E60-9C4E-8AC8C76D3753}.Release|iPhoneSimulator.Build.0 = Release|iPhoneSimulator
		{162598FA-6E62-4E60-9C4E-8AC8C76D3753}.Release|x64.ActiveCfg = Release|iPhone
		{162598FA-6E62-4E60-9C4E-8AC8C76D3753}.Release|x86.ActiveCfg = Release|iPhone
		{91050D3D-BA23-4476-970D-2A66A70EE92C}.Ad-Hoc|Any CPU.ActiveCfg = Release|x86
		{91050D3D-BA23-4476-970D-2A66A70EE92C}.Ad-Hoc|Any CPU.Build.0 = Release|x86
		{91050D3D-BA23-4476-970D-2A66A70EE92C}.Ad-Hoc|Any CPU.Deploy.0 = Release|x86
		{91050D3D-BA23-4476-970D-2A66A70EE92C}.Ad-Hoc|ARM.ActiveCfg = Release|ARM
		{91050D3D-BA23-4476-970D-2A66A70EE92C}.Ad-Hoc|ARM.Build.0 = Release|ARM
		{91050D3D-BA23-4476-970D-2A66A70EE92C}.Ad-Hoc|ARM.Deploy.0 = Release|ARM
		{91050D3D-BA23-4476-970D-2A66A70EE92C}.Ad-Hoc|iPhone.ActiveCfg = Release|x86
		{91050D3D-BA23-4476-970D-2A66A70EE92C}.Ad-Hoc|iPhone.Build.0 = Release|x86
		{91050D3D-BA23-4476-970D-2A66A70EE92C}.Ad-Hoc|iPhone.Deploy.0 = Release|x86
		{91050D3D-BA23-4476-970D-2A66A70EE92C}.Ad-Hoc|iPhoneSimulator.ActiveCfg = Release|x86
		{91050D3D-BA23-4476-970D-2A66A70EE92C}.Ad-Hoc|iPhoneSimulator.Build.0 = Release|x86
		{91050D3D-BA23-4476-970D-2A66A70EE92C}.Ad-Hoc|iPhoneSimulator.Deploy.0 = Release|x86
		{91050D3D-BA23-4476-970D-2A66A70EE92C}.Ad-Hoc|x64.ActiveCfg = Release|x64
		{91050D3D-BA23-4476-970D-2A66A70EE92C}.Ad-Hoc|x64.Build.0 = Release|x64
		{91050D3D-BA23-4476-970D-2A66A70EE92C}.Ad-Hoc|x64.Deploy.0 = Release|x64
		{91050D3D-BA23-4476-970D-2A66A70EE92C}.Ad-Hoc|x86.ActiveCfg = Release|x86
		{91050D3D-BA23-4476-970D-2A66A70EE92C}.Ad-Hoc|x86.Build.0 = Release|x86
		{91050D3D-BA23-4476-970D-2A66A70EE92C}.Ad-Hoc|x86.Deploy.0 = Release|x86
		{91050D3D-BA23-4476-970D-2A66A70EE92C}.AppStore|Any CPU.ActiveCfg = Release|x86
		{91050D3D-BA23-4476-970D-2A66A70EE92C}.AppStore|Any CPU.Build.0 = Release|x86
		{91050D3D-BA23-4476-970D-2A66A70EE92C}.AppStore|Any CPU.Deploy.0 = Release|x86
		{91050D3D-BA23-4476-970D-2A66A70EE92C}.AppStore|ARM.ActiveCfg = Release|ARM
		{91050D3D-BA23-4476-970D-2A66A70EE92C}.AppStore|ARM.Build.0 = Release|ARM
		{91050D3D-BA23-4476-970D-2A66A70EE92C}.AppStore|ARM.Deploy.0 = Release|ARM
		{91050D3D-BA23-4476-970D-2A66A70EE92C}.AppStore|iPhone.ActiveCfg = Release|x86
		{91050D3D-BA23-4476-970D-2A66A70EE92C}.AppStore|iPhone.Build.0 = Release|x86
		{91050D3D-BA23-4476-970D-2A66A70EE92C}.AppStore|iPhone.Deploy.0 = Release|x86
		{91050D3D-BA23-4476-970D-2A66A70EE92C}.AppStore|iPhoneSimulator.ActiveCfg = Release|x86
		{91050D3D-BA23-4476-970D-2A66A70EE92C}.AppStore|iPhoneSimulator.Build.0 = Release|x86
		{91050D3D-BA23-4476-970D-2A66A70EE92C}.AppStore|iPhoneSimulator.Deploy.0 = Release|x86
		{91050D3D-BA23-4476-970D-2A66A70EE92C}.AppStore|x64.ActiveCfg = Release|x64
		{91050D3D-BA23-4476-970D-2A66A70EE92C}.AppStore|x64.Build.0 = Release|x64
		{91050D3D-BA23-4476-970D-2A66A70EE92C}.AppStore|x64.Deploy.0 = Release|x64
		{91050D3D-BA23-4476-970D-2A66A70EE92C}.AppStore|x86.ActiveCfg = Release|x86
		{91050D3D-BA23-4476-970D-2A66A70EE92C}.AppStore|x86.Build.0 = Release|x86
		{91050D3D-BA23-4476-970D-2A66A70EE92C}.AppStore|x86.Deploy.0 = Release|x86
		{91050D3D-BA23-4476-970D-2A66A70EE92C}.Debug|Any CPU.ActiveCfg = Debug|x86
		{91050D3D-BA23-4476-970D-2A66A70EE92C}.Debug|ARM.ActiveCfg = Debug|ARM
		{91050D3D-BA23-4476-970D-2A66A70EE92C}.Debug|ARM.Build.0 = Debug|ARM
		{91050D3D-BA23-4476-970D-2A66A70EE92C}.Debug|ARM.Deploy.0 = Debug|ARM
		{91050D3D-BA23-4476-970D-2A66A70EE92C}.Debug|iPhone.ActiveCfg = Debug|x86
		{91050D3D-BA23-4476-970D-2A66A70EE92C}.Debug|iPhoneSimulator.ActiveCfg = Debug|x86
		{91050D3D-BA23-4476-970D-2A66A70EE92C}.Debug|iPhoneSimulator.Build.0 = Debug|x86
		{91050D3D-BA23-4476-970D-2A66A70EE92C}.Debug|iPhoneSimulator.Deploy.0 = Debug|x86
		{91050D3D-BA23-4476-970D-2A66A70EE92C}.Debug|x64.ActiveCfg = Debug|x64
		{91050D3D-BA23-4476-970D-2A66A70EE92C}.Debug|x64.Build.0 = Debug|x64
		{91050D3D-BA23-4476-970D-2A66A70EE92C}.Debug|x64.Deploy.0 = Debug|x64
		{91050D3D-BA23-4476-970D-2A66A70EE92C}.Debug|x86.ActiveCfg = Debug|x86
		{91050D3D-BA23-4476-970D-2A66A70EE92C}.Debug|x86.Build.0 = Debug|x86
		{91050D3D-BA23-4476-970D-2A66A70EE92C}.Debug|x86.Deploy.0 = Debug|x86
		{91050D3D-BA23-4476-970D-2A66A70EE92C}.Release|Any CPU.ActiveCfg = Release|x86
		{91050D3D-BA23-4476-970D-2A66A70EE92C}.Release|ARM.ActiveCfg = Release|ARM
		{91050D3D-BA23-4476-970D-2A66A70EE92C}.Release|ARM.Build.0 = Release|ARM
		{91050D3D-BA23-4476-970D-2A66A70EE92C}.Release|ARM.Deploy.0 = Release|ARM
		{91050D3D-BA23-4476-970D-2A66A70EE92C}.Release|iPhone.ActiveCfg = Release|x86
		{91050D3D-BA23-4476-970D-2A66A70EE92C}.Release|iPhoneSimulator.ActiveCfg = Release|x86
		{91050D3D-BA23-4476-970D-2A66A70EE92C}.Release|x64.ActiveCfg = Release|x64
		{91050D3D-BA23-4476-970D-2A66A70EE92C}.Release|x64.Build.0 = Release|x64
		{91050D3D-BA23-4476-970D-2A66A70EE92C}.Release|x64.Deploy.0 = Release|x64
		{91050D3D-BA23-4476-970D-2A66A70EE92C}.Release|x86.ActiveCfg = Release|x86
		{91050D3D-BA23-4476-970D-2A66A70EE92C}.Release|x86.Build.0 = Release|x86
		{91050D3D-BA23-4476-970D-2A66A70EE92C}.Release|x86.Deploy.0 = Release|x86
	EndGlobalSection
	GlobalSection(SolutionProperties) = preSolution
		HideSolutionNode = FALSE
	EndGlobalSection
	GlobalSection(ExtensibilityGlobals) = postSolution
		SolutionGuid = {C223C753-7C49-4FC2-A618-882A15880EA9}
	EndGlobalSection
EndGlobal
